
Microsoft Visual Studio Solution File, Format Version 12.00
# Visual Studio Version 17
VisualStudioVersion = 17.11.35327.3
MinimumVisualStudioVersion = 10.0.40219.1
Project("{FAE04EC0-301F-11D3-BF4B-00C04F79EFBC}") = "md2", "md2\md2.csproj", "{76330C18-C72B-4D8D-87D4-682D82F98843}"
EndProject
Global
	GlobalSection(SolutionConfigurationPlatforms) = preSolution
		Debug|Any CPU = Debug|Any CPU
		Release|Any CPU = Release|Any CPU
	EndGlobalSection
	GlobalSection(ProjectConfigurationPlatforms) = postSolution
		{76330C18-C72B-4D8D-87D4-682D82F98843}.Debug|Any CPU.ActiveCfg = Debug|Any CPU
		{76330C18-C72B-4D8D-87D4-682D82F98843}.Debug|Any CPU.Build.0 = Debug|Any CPU
		{76330C18-C72B-4D8D-87D4-682D82F98843}.Debug|Any CPU.Deploy.0 = Debug|Any CPU
		{76330C18-C72B-4D8D-87D4-682D82F98843}.Release|Any CPU.ActiveCfg = Release|Any CPU
		{76330C18-C72B-4D8D-87D4-682D82F98843}.Release|Any CPU.Build.0 = Release|Any CPU
		{76330C18-C72B-4D8D-87D4-682D82F98843}.Release|Any CPU.Deploy.0 = Release|Any CPU
	EndGlobalSection
	GlobalSection(SolutionProperties) = preSolution
		HideSolutionNode = FALSE
	EndGlobalSection
	GlobalSection(ExtensibilityGlobals) = postSolution
		SolutionGuid = {512AE62C-D1B0-4661-965D-4229CD8A2154}
	EndGlobalSection
EndGlobal
